// !$*UTF8*$!
{
	archiveVersion = 1;
	classes = {
	};
	objectVersion = 47;
	objects = {

/* Begin PBXBuildFile section */
		32043E821D02651E00A3DDB4 /* SettingsViewController.swift in Sources */ = {isa = PBXBuildFile; fileRef = 32043E811D02651E00A3DDB4 /* SettingsViewController.swift */; };
		32AAE9A01BB7327900E2E887 /* AppDelegate.swift in Sources */ = {isa = PBXBuildFile; fileRef = 32AAE99F1BB7327900E2E887 /* AppDelegate.swift */; };
		32AAE9A21BB7327900E2E887 /* ViewController.swift in Sources */ = {isa = PBXBuildFile; fileRef = 32AAE9A11BB7327900E2E887 /* ViewController.swift */; };
		32AAE9A51BB7327900E2E887 /* Main.storyboard in Resources */ = {isa = PBXBuildFile; fileRef = 32AAE9A31BB7327900E2E887 /* Main.storyboard */; };
		32AAE9A71BB7327900E2E887 /* Assets.xcassets in Resources */ = {isa = PBXBuildFile; fileRef = 32AAE9A61BB7327900E2E887 /* Assets.xcassets */; };
		32AAE9B51BB7327A00E2E887 /* Formula_CountdownTests.swift in Sources */ = {isa = PBXBuildFile; fileRef = 32AAE9B41BB7327A00E2E887 /* Formula_CountdownTests.swift */; };
		32AAE9C01BB7327A00E2E887 /* Formula_CountdownUITests.swift in Sources */ = {isa = PBXBuildFile; fileRef = 32AAE9BF1BB7327A00E2E887 /* Formula_CountdownUITests.swift */; };
		32FD57271D093A1B003BF9C7 /* NotificationCenter.framework in Frameworks */ = {isa = PBXBuildFile; fileRef = 32FD56FE1D092DC8003BF9C7 /* NotificationCenter.framework */; };
		32FD572A1D093A1B003BF9C7 /* TodayViewController.swift in Sources */ = {isa = PBXBuildFile; fileRef = 32FD57291D093A1B003BF9C7 /* TodayViewController.swift */; };
		32FD572D1D093A1B003BF9C7 /* MainInterface.storyboard in Resources */ = {isa = PBXBuildFile; fileRef = 32FD572B1D093A1B003BF9C7 /* MainInterface.storyboard */; };
		32FD57311D093A1B003BF9C7 /* Formula Countdown Today.appex in Embed App Extensions */ = {isa = PBXBuildFile; fileRef = 32FD57261D093A1B003BF9C7 /* Formula Countdown Today.appex */; settings = {ATTRIBUTES = (RemoveHeadersOnCopy, ); }; };
/* End PBXBuildFile section */

/* Begin PBXContainerItemProxy section */
		32AAE9B11BB7327A00E2E887 /* PBXContainerItemProxy */ = {
			isa = PBXContainerItemProxy;
			containerPortal = 32AAE9941BB7327900E2E887 /* Project object */;
			proxyType = 1;
			remoteGlobalIDString = 32AAE99B1BB7327900E2E887;
			remoteInfo = "Formula Countdown";
		};
		32AAE9BC1BB7327A00E2E887 /* PBXContainerItemProxy */ = {
			isa = PBXContainerItemProxy;
			containerPortal = 32AAE9941BB7327900E2E887 /* Project object */;
			proxyType = 1;
			remoteGlobalIDString = 32AAE99B1BB7327900E2E887;
			remoteInfo = "Formula Countdown";
		};
		32FD572F1D093A1B003BF9C7 /* PBXContainerItemProxy */ = {
			isa = PBXContainerItemProxy;
			containerPortal = 32AAE9941BB7327900E2E887 /* Project object */;
			proxyType = 1;
			remoteGlobalIDString = 32FD57251D093A1B003BF9C7;
			remoteInfo = "Formula Countdown Today";
		};
/* End PBXContainerItemProxy section */

/* Begin PBXCopyFilesBuildPhase section */
		32FD570D1D092DC8003BF9C7 /* Embed App Extensions */ = {
			isa = PBXCopyFilesBuildPhase;
			buildActionMask = 2147483647;
			dstPath = "";
			dstSubfolderSpec = 13;
			files = (
				32FD57311D093A1B003BF9C7 /* Formula Countdown Today.appex in Embed App Extensions */,
			);
			name = "Embed App Extensions";
			runOnlyForDeploymentPostprocessing = 0;
		};
/* End PBXCopyFilesBuildPhase section */

/* Begin PBXFileReference section */
		32043E811D02651E00A3DDB4 /* SettingsViewController.swift */ = {isa = PBXFileReference; fileEncoding = 4; lastKnownFileType = sourcecode.swift; path = SettingsViewController.swift; sourceTree = "<group>"; };
		32AAE99C1BB7327900E2E887 /* Formula Countdown.app */ = {isa = PBXFileReference; explicitFileType = wrapper.application; includeInIndex = 0; path = "Formula Countdown.app"; sourceTree = BUILT_PRODUCTS_DIR; };
		32AAE99F1BB7327900E2E887 /* AppDelegate.swift */ = {isa = PBXFileReference; lastKnownFileType = sourcecode.swift; path = AppDelegate.swift; sourceTree = "<group>"; };
		32AAE9A11BB7327900E2E887 /* ViewController.swift */ = {isa = PBXFileReference; lastKnownFileType = sourcecode.swift; path = ViewController.swift; sourceTree = "<group>"; };
		32AAE9A41BB7327900E2E887 /* Base */ = {isa = PBXFileReference; lastKnownFileType = file.storyboard; name = Base; path = Base.lproj/Main.storyboard; sourceTree = "<group>"; };
		32AAE9A61BB7327900E2E887 /* Assets.xcassets */ = {isa = PBXFileReference; lastKnownFileType = folder.assetcatalog; path = Assets.xcassets; sourceTree = "<group>"; };
		32AAE9AB1BB7327900E2E887 /* Info.plist */ = {isa = PBXFileReference; lastKnownFileType = text.plist.xml; path = Info.plist; sourceTree = "<group>"; };
		32AAE9B01BB7327A00E2E887 /* Formula CountdownTests.xctest */ = {isa = PBXFileReference; explicitFileType = wrapper.cfbundle; includeInIndex = 0; path = "Formula CountdownTests.xctest"; sourceTree = BUILT_PRODUCTS_DIR; };
		32AAE9B41BB7327A00E2E887 /* Formula_CountdownTests.swift */ = {isa = PBXFileReference; lastKnownFileType = sourcecode.swift; path = Formula_CountdownTests.swift; sourceTree = "<group>"; };
		32AAE9B61BB7327A00E2E887 /* Info.plist */ = {isa = PBXFileReference; lastKnownFileType = text.plist.xml; path = Info.plist; sourceTree = "<group>"; };
		32AAE9BB1BB7327A00E2E887 /* Formula CountdownUITests.xctest */ = {isa = PBXFileReference; explicitFileType = wrapper.cfbundle; includeInIndex = 0; path = "Formula CountdownUITests.xctest"; sourceTree = BUILT_PRODUCTS_DIR; };
		32AAE9BF1BB7327A00E2E887 /* Formula_CountdownUITests.swift */ = {isa = PBXFileReference; lastKnownFileType = sourcecode.swift; path = Formula_CountdownUITests.swift; sourceTree = "<group>"; };
		32AAE9C11BB7327A00E2E887 /* Info.plist */ = {isa = PBXFileReference; lastKnownFileType = text.plist.xml; path = Info.plist; sourceTree = "<group>"; };
		32FD56FE1D092DC8003BF9C7 /* NotificationCenter.framework */ = {isa = PBXFileReference; lastKnownFileType = wrapper.framework; name = NotificationCenter.framework; path = System/Library/Frameworks/NotificationCenter.framework; sourceTree = SDKROOT; };
		32FD57261D093A1B003BF9C7 /* Formula Countdown Today.appex */ = {isa = PBXFileReference; explicitFileType = "wrapper.app-extension"; includeInIndex = 0; path = "Formula Countdown Today.appex"; sourceTree = BUILT_PRODUCTS_DIR; };
		32FD57291D093A1B003BF9C7 /* TodayViewController.swift */ = {isa = PBXFileReference; lastKnownFileType = sourcecode.swift; path = TodayViewController.swift; sourceTree = "<group>"; };
		32FD572C1D093A1B003BF9C7 /* Base */ = {isa = PBXFileReference; lastKnownFileType = file.storyboard; name = Base; path = Base.lproj/MainInterface.storyboard; sourceTree = "<group>"; };
		32FD572E1D093A1B003BF9C7 /* Info.plist */ = {isa = PBXFileReference; lastKnownFileType = text.plist.xml; path = Info.plist; sourceTree = "<group>"; };
/* End PBXFileReference section */

/* Begin PBXFrameworksBuildPhase section */
		32AAE9991BB7327900E2E887 /* Frameworks */ = {
			isa = PBXFrameworksBuildPhase;
			buildActionMask = 2147483647;
			files = (
			);
			runOnlyForDeploymentPostprocessing = 0;
		};
		32AAE9AD1BB7327A00E2E887 /* Frameworks */ = {
			isa = PBXFrameworksBuildPhase;
			buildActionMask = 2147483647;
			files = (
			);
			runOnlyForDeploymentPostprocessing = 0;
		};
		32AAE9B81BB7327A00E2E887 /* Frameworks */ = {
			isa = PBXFrameworksBuildPhase;
			buildActionMask = 2147483647;
			files = (
			);
			runOnlyForDeploymentPostprocessing = 0;
		};
		32FD57231D093A1B003BF9C7 /* Frameworks */ = {
			isa = PBXFrameworksBuildPhase;
			buildActionMask = 2147483647;
			files = (
				32FD57271D093A1B003BF9C7 /* NotificationCenter.framework in Frameworks */,
			);
			runOnlyForDeploymentPostprocessing = 0;
		};
/* End PBXFrameworksBuildPhase section */

/* Begin PBXGroup section */
		32AAE9931BB7327900E2E887 = {
			isa = PBXGroup;
			children = (
				32AAE99E1BB7327900E2E887 /* Formula Countdown */,
				32AAE9B31BB7327A00E2E887 /* Formula CountdownTests */,
				32AAE9BE1BB7327A00E2E887 /* Formula CountdownUITests */,
				32FD57281D093A1B003BF9C7 /* Formula Countdown Today */,
				32FD56FD1D092DC8003BF9C7 /* Frameworks */,
				32AAE99D1BB7327900E2E887 /* Products */,
			);
			sourceTree = "<group>";
		};
		32AAE99D1BB7327900E2E887 /* Products */ = {
			isa = PBXGroup;
			children = (
				32AAE99C1BB7327900E2E887 /* Formula Countdown.app */,
				32AAE9B01BB7327A00E2E887 /* Formula CountdownTests.xctest */,
				32AAE9BB1BB7327A00E2E887 /* Formula CountdownUITests.xctest */,
				32FD57261D093A1B003BF9C7 /* Formula Countdown Today.appex */,
			);
			name = Products;
			sourceTree = "<group>";
		};
		32AAE99E1BB7327900E2E887 /* Formula Countdown */ = {
			isa = PBXGroup;
			children = (
				32AAE99F1BB7327900E2E887 /* AppDelegate.swift */,
				32AAE9A11BB7327900E2E887 /* ViewController.swift */,
				32AAE9A31BB7327900E2E887 /* Main.storyboard */,
				32043E811D02651E00A3DDB4 /* SettingsViewController.swift */,
				32AAE9A61BB7327900E2E887 /* Assets.xcassets */,
				32AAE9AB1BB7327900E2E887 /* Info.plist */,
			);
			path = "Formula Countdown";
			sourceTree = "<group>";
		};
		32AAE9B31BB7327A00E2E887 /* Formula CountdownTests */ = {
			isa = PBXGroup;
			children = (
				32AAE9B41BB7327A00E2E887 /* Formula_CountdownTests.swift */,
				32AAE9B61BB7327A00E2E887 /* Info.plist */,
			);
			path = "Formula CountdownTests";
			sourceTree = "<group>";
		};
		32AAE9BE1BB7327A00E2E887 /* Formula CountdownUITests */ = {
			isa = PBXGroup;
			children = (
				32AAE9BF1BB7327A00E2E887 /* Formula_CountdownUITests.swift */,
				32AAE9C11BB7327A00E2E887 /* Info.plist */,
			);
			path = "Formula CountdownUITests";
			sourceTree = "<group>";
		};
		32FD56FD1D092DC8003BF9C7 /* Frameworks */ = {
			isa = PBXGroup;
			children = (
				32FD56FE1D092DC8003BF9C7 /* NotificationCenter.framework */,
			);
			name = Frameworks;
			sourceTree = "<group>";
		};
		32FD57281D093A1B003BF9C7 /* Formula Countdown Today */ = {
			isa = PBXGroup;
			children = (
				32FD57291D093A1B003BF9C7 /* TodayViewController.swift */,
				32FD572B1D093A1B003BF9C7 /* MainInterface.storyboard */,
				32FD572E1D093A1B003BF9C7 /* Info.plist */,
			);
			path = "Formula Countdown Today";
			sourceTree = "<group>";
		};
/* End PBXGroup section */

/* Begin PBXNativeTarget section */
		32AAE99B1BB7327900E2E887 /* Formula Countdown */ = {
			isa = PBXNativeTarget;
			buildConfigurationList = 32AAE9C41BB7327A00E2E887 /* Build configuration list for PBXNativeTarget "Formula Countdown" */;
			buildPhases = (
				32AAE9981BB7327900E2E887 /* Sources */,
				32AAE9991BB7327900E2E887 /* Frameworks */,
				32AAE99A1BB7327900E2E887 /* Resources */,
				32FD570D1D092DC8003BF9C7 /* Embed App Extensions */,
			);
			buildRules = (
			);
			dependencies = (
				32FD57301D093A1B003BF9C7 /* PBXTargetDependency */,
			);
			name = "Formula Countdown";
			productName = "Formula Countdown";
			productReference = 32AAE99C1BB7327900E2E887 /* Formula Countdown.app */;
			productType = "com.apple.product-type.application";
		};
		32AAE9AF1BB7327A00E2E887 /* Formula CountdownTests */ = {
			isa = PBXNativeTarget;
			buildConfigurationList = 32AAE9C71BB7327A00E2E887 /* Build configuration list for PBXNativeTarget "Formula CountdownTests" */;
			buildPhases = (
				32AAE9AC1BB7327A00E2E887 /* Sources */,
				32AAE9AD1BB7327A00E2E887 /* Frameworks */,
				32AAE9AE1BB7327A00E2E887 /* Resources */,
			);
			buildRules = (
			);
			dependencies = (
				32AAE9B21BB7327A00E2E887 /* PBXTargetDependency */,
			);
			name = "Formula CountdownTests";
			productName = "Formula CountdownTests";
			productReference = 32AAE9B01BB7327A00E2E887 /* Formula CountdownTests.xctest */;
			productType = "com.apple.product-type.bundle.unit-test";
		};
		32AAE9BA1BB7327A00E2E887 /* Formula CountdownUITests */ = {
			isa = PBXNativeTarget;
			buildConfigurationList = 32AAE9CA1BB7327A00E2E887 /* Build configuration list for PBXNativeTarget "Formula CountdownUITests" */;
			buildPhases = (
				32AAE9B71BB7327A00E2E887 /* Sources */,
				32AAE9B81BB7327A00E2E887 /* Frameworks */,
				32AAE9B91BB7327A00E2E887 /* Resources */,
			);
			buildRules = (
			);
			dependencies = (
				32AAE9BD1BB7327A00E2E887 /* PBXTargetDependency */,
			);
			name = "Formula CountdownUITests";
			productName = "Formula CountdownUITests";
			productReference = 32AAE9BB1BB7327A00E2E887 /* Formula CountdownUITests.xctest */;
			productType = "com.apple.product-type.bundle.ui-testing";
		};
		32FD57251D093A1B003BF9C7 /* Formula Countdown Today */ = {
			isa = PBXNativeTarget;
			buildConfigurationList = 32FD57321D093A1B003BF9C7 /* Build configuration list for PBXNativeTarget "Formula Countdown Today" */;
			buildPhases = (
				32FD57221D093A1B003BF9C7 /* Sources */,
				32FD57231D093A1B003BF9C7 /* Frameworks */,
				32FD57241D093A1B003BF9C7 /* Resources */,
			);
			buildRules = (
			);
			dependencies = (
			);
			name = "Formula Countdown Today";
			productName = "Formula Countdown Today";
			productReference = 32FD57261D093A1B003BF9C7 /* Formula Countdown Today.appex */;
			productType = "com.apple.product-type.app-extension";
		};
/* End PBXNativeTarget section */

/* Begin PBXProject section */
		32AAE9941BB7327900E2E887 /* Project object */ = {
			isa = PBXProject;
			attributes = {
				LastSwiftUpdateCheck = 0730;
				LastUpgradeCheck = 0700;
				ORGANIZATIONNAME = "Manu Bhardwaj";
				TargetAttributes = {
					32AAE99B1BB7327900E2E887 = {
						CreatedOnToolsVersion = 7.0;
						DevelopmentTeam = J58G7T27S8;
					};
					32AAE9AF1BB7327A00E2E887 = {
						CreatedOnToolsVersion = 7.0;
						DevelopmentTeam = J58G7T27S8;
						TestTargetID = 32AAE99B1BB7327900E2E887;
					};
					32AAE9BA1BB7327A00E2E887 = {
						CreatedOnToolsVersion = 7.0;
						DevelopmentTeam = J58G7T27S8;
						TestTargetID = 32AAE99B1BB7327900E2E887;
					};
					32FD57251D093A1B003BF9C7 = {
						CreatedOnToolsVersion = 7.3.1;
						DevelopmentTeam = J58G7T27S8;
					};
				};
			};
			buildConfigurationList = 32AAE9971BB7327900E2E887 /* Build configuration list for PBXProject "Formula Countdown" */;
			compatibilityVersion = "Xcode 6.3";
			developmentRegion = English;
			hasScannedForEncodings = 0;
			knownRegions = (
				en,
				Base,
			);
			mainGroup = 32AAE9931BB7327900E2E887;
			productRefGroup = 32AAE99D1BB7327900E2E887 /* Products */;
			projectDirPath = "";
			projectRoot = "";
			targets = (
				32AAE99B1BB7327900E2E887 /* Formula Countdown */,
				32AAE9AF1BB7327A00E2E887 /* Formula CountdownTests */,
				32AAE9BA1BB7327A00E2E887 /* Formula CountdownUITests */,
				32FD57251D093A1B003BF9C7 /* Formula Countdown Today */,
			);
		};
/* End PBXProject section */

/* Begin PBXResourcesBuildPhase section */
		32AAE99A1BB7327900E2E887 /* Resources */ = {
			isa = PBXResourcesBuildPhase;
			buildActionMask = 2147483647;
			files = (
				32AAE9A71BB7327900E2E887 /* Assets.xcassets in Resources */,
				32AAE9A51BB7327900E2E887 /* Main.storyboard in Resources */,
			);
			runOnlyForDeploymentPostprocessing = 0;
		};
		32AAE9AE1BB7327A00E2E887 /* Resources */ = {
			isa = PBXResourcesBuildPhase;
			buildActionMask = 2147483647;
			files = (
			);
			runOnlyForDeploymentPostprocessing = 0;
		};
		32AAE9B91BB7327A00E2E887 /* Resources */ = {
			isa = PBXResourcesBuildPhase;
			buildActionMask = 2147483647;
			files = (
			);
			runOnlyForDeploymentPostprocessing = 0;
		};
		32FD57241D093A1B003BF9C7 /* Resources */ = {
			isa = PBXResourcesBuildPhase;
			buildActionMask = 2147483647;
			files = (
				32FD572D1D093A1B003BF9C7 /* MainInterface.storyboard in Resources */,
			);
			runOnlyForDeploymentPostprocessing = 0;
		};
/* End PBXResourcesBuildPhase section */

/* Begin PBXSourcesBuildPhase section */
		32AAE9981BB7327900E2E887 /* Sources */ = {
			isa = PBXSourcesBuildPhase;
			buildActionMask = 2147483647;
			files = (
				32AAE9A21BB7327900E2E887 /* ViewController.swift in Sources */,
				32AAE9A01BB7327900E2E887 /* AppDelegate.swift in Sources */,
				32043E821D02651E00A3DDB4 /* SettingsViewController.swift in Sources */,
			);
			runOnlyForDeploymentPostprocessing = 0;
		};
		32AAE9AC1BB7327A00E2E887 /* Sources */ = {
			isa = PBXSourcesBuildPhase;
			buildActionMask = 2147483647;
			files = (
				32AAE9B51BB7327A00E2E887 /* Formula_CountdownTests.swift in Sources */,
			);
			runOnlyForDeploymentPostprocessing = 0;
		};
		32AAE9B71BB7327A00E2E887 /* Sources */ = {
			isa = PBXSourcesBuildPhase;
			buildActionMask = 2147483647;
			files = (
				32AAE9C01BB7327A00E2E887 /* Formula_CountdownUITests.swift in Sources */,
			);
			runOnlyForDeploymentPostprocessing = 0;
		};
		32FD57221D093A1B003BF9C7 /* Sources */ = {
			isa = PBXSourcesBuildPhase;
			buildActionMask = 2147483647;
			files = (
				32FD572A1D093A1B003BF9C7 /* TodayViewController.swift in Sources */,
			);
			runOnlyForDeploymentPostprocessing = 0;
		};
/* End PBXSourcesBuildPhase section */

/* Begin PBXTargetDependency section */
		32AAE9B21BB7327A00E2E887 /* PBXTargetDependency */ = {
			isa = PBXTargetDependency;
			target = 32AAE99B1BB7327900E2E887 /* Formula Countdown */;
			targetProxy = 32AAE9B11BB7327A00E2E887 /* PBXContainerItemProxy */;
		};
		32AAE9BD1BB7327A00E2E887 /* PBXTargetDependency */ = {
			isa = PBXTargetDependency;
			target = 32AAE99B1BB7327900E2E887 /* Formula Countdown */;
			targetProxy = 32AAE9BC1BB7327A00E2E887 /* PBXContainerItemProxy */;
		};
		32FD57301D093A1B003BF9C7 /* PBXTargetDependency */ = {
			isa = PBXTargetDependency;
			target = 32FD57251D093A1B003BF9C7 /* Formula Countdown Today */;
			targetProxy = 32FD572F1D093A1B003BF9C7 /* PBXContainerItemProxy */;
		};
/* End PBXTargetDependency section */

/* Begin PBXVariantGroup section */
		32AAE9A31BB7327900E2E887 /* Main.storyboard */ = {
			isa = PBXVariantGroup;
			children = (
				32AAE9A41BB7327900E2E887 /* Base */,
			);
			name = Main.storyboard;
			sourceTree = "<group>";
		};
		32FD572B1D093A1B003BF9C7 /* MainInterface.storyboard */ = {
			isa = PBXVariantGroup;
			children = (
				32FD572C1D093A1B003BF9C7 /* Base */,
			);
			name = MainInterface.storyboard;
			sourceTree = "<group>";
		};
/* End PBXVariantGroup section */

/* Begin XCBuildConfiguration section */
		32AAE9C21BB7327A00E2E887 /* Debug */ = {
			isa = XCBuildConfiguration;
			buildSettings = {
				ALWAYS_SEARCH_USER_PATHS = NO;
				CLANG_CXX_LANGUAGE_STANDARD = "gnu++0x";
				CLANG_CXX_LIBRARY = "libc++";
				CLANG_ENABLE_MODULES = YES;
				CLANG_ENABLE_OBJC_ARC = YES;
				CLANG_WARN_BOOL_CONVERSION = YES;
				CLANG_WARN_CONSTANT_CONVERSION = YES;
				CLANG_WARN_DIRECT_OBJC_ISA_USAGE = YES_ERROR;
				CLANG_WARN_EMPTY_BODY = YES;
				CLANG_WARN_ENUM_CONVERSION = YES;
				CLANG_WARN_INT_CONVERSION = YES;
				CLANG_WARN_OBJC_ROOT_CLASS = YES_ERROR;
				CLANG_WARN_UNREACHABLE_CODE = YES;
				CLANG_WARN__DUPLICATE_METHOD_MATCH = YES;
				"CODE_SIGN_IDENTITY[sdk=iphoneos*]" = "iPhone Developer";
				COPY_PHASE_STRIP = NO;
				DEBUG_INFORMATION_FORMAT = dwarf;
				ENABLE_STRICT_OBJC_MSGSEND = YES;
				ENABLE_TESTABILITY = YES;
				GCC_C_LANGUAGE_STANDARD = gnu99;
				GCC_DYNAMIC_NO_PIC = NO;
				GCC_NO_COMMON_BLOCKS = YES;
				GCC_OPTIMIZATION_LEVEL = 0;
				GCC_PREPROCESSOR_DEFINITIONS = (
					"DEBUG=1",
					"$(inherited)",
				);
				GCC_WARN_64_TO_32_BIT_CONVERSION = YES;
				GCC_WARN_ABOUT_RETURN_TYPE = YES_ERROR;
				GCC_WARN_UNDECLARED_SELECTOR = YES;
				GCC_WARN_UNINITIALIZED_AUTOS = YES_AGGRESSIVE;
				GCC_WARN_UNUSED_FUNCTION = YES;
				GCC_WARN_UNUSED_VARIABLE = YES;
				IPHONEOS_DEPLOYMENT_TARGET = 9.0;
				MTL_ENABLE_DEBUG_INFO = YES;
				ONLY_ACTIVE_ARCH = YES;
				SDKROOT = iphoneos;
				SWIFT_OPTIMIZATION_LEVEL = "-Onone";
				TARGETED_DEVICE_FAMILY = "1,2";
			};
			name = Debug;
		};
		32AAE9C31BB7327A00E2E887 /* Release */ = {
			isa = XCBuildConfiguration;
			buildSettings = {
				ALWAYS_SEARCH_USER_PATHS = NO;
				CLANG_CXX_LANGUAGE_STANDARD = "gnu++0x";
				CLANG_CXX_LIBRARY = "libc++";
				CLANG_ENABLE_MODULES = YES;
				CLANG_ENABLE_OBJC_ARC = YES;
				CLANG_WARN_BOOL_CONVERSION = YES;
				CLANG_WARN_CONSTANT_CONVERSION = YES;
				CLANG_WARN_DIRECT_OBJC_ISA_USAGE = YES_ERROR;
				CLANG_WARN_EMPTY_BODY = YES;
				CLANG_WARN_ENUM_CONVERSION = YES;
				CLANG_WARN_INT_CONVERSION = YES;
				CLANG_WARN_OBJC_ROOT_CLASS = YES_ERROR;
				CLANG_WARN_UNREACHABLE_CODE = YES;
				CLANG_WARN__DUPLICATE_METHOD_MATCH = YES;
				"CODE_SIGN_IDENTITY[sdk=iphoneos*]" = "iPhone Developer";
				COPY_PHASE_STRIP = NO;
				DEBUG_INFORMATION_FORMAT = "dwarf-with-dsym";
				ENABLE_NS_ASSERTIONS = NO;
				ENABLE_STRICT_OBJC_MSGSEND = YES;
				GCC_C_LANGUAGE_STANDARD = gnu99;
				GCC_NO_COMMON_BLOCKS = YES;
				GCC_WARN_64_TO_32_BIT_CONVERSION = YES;
				GCC_WARN_ABOUT_RETURN_TYPE = YES_ERROR;
				GCC_WARN_UNDECLARED_SELECTOR = YES;
				GCC_WARN_UNINITIALIZED_AUTOS = YES_AGGRESSIVE;
				GCC_WARN_UNUSED_FUNCTION = YES;
				GCC_WARN_UNUSED_VARIABLE = YES;
				IPHONEOS_DEPLOYMENT_TARGET = 9.0;
				MTL_ENABLE_DEBUG_INFO = NO;
				SDKROOT = iphoneos;
				TARGETED_DEVICE_FAMILY = "1,2";
				VALIDATE_PRODUCT = YES;
			};
			name = Release;
		};
		32AAE9C51BB7327A00E2E887 /* Debug */ = {
			isa = XCBuildConfiguration;
			buildSettings = {
				ASSETCATALOG_COMPILER_APPICON_NAME = AppIcon;
				EMBEDDED_CONTENT_CONTAINS_SWIFT = YES;
				INFOPLIST_FILE = "Formula Countdown/Info.plist";
				LD_RUNPATH_SEARCH_PATHS = "$(inherited) @executable_path/Frameworks";
				PRODUCT_BUNDLE_IDENTIFIER = "info.bhardwaj.manu.Formula-Countdown";
				PRODUCT_NAME = "$(TARGET_NAME)";
			};
			name = Debug;
		};
		32AAE9C61BB7327A00E2E887 /* Release */ = {
			isa = XCBuildConfiguration;
			buildSettings = {
				ASSETCATALOG_COMPILER_APPICON_NAME = AppIcon;
				EMBEDDED_CONTENT_CONTAINS_SWIFT = YES;
				INFOPLIST_FILE = "Formula Countdown/Info.plist";
				LD_RUNPATH_SEARCH_PATHS = "$(inherited) @executable_path/Frameworks";
				PRODUCT_BUNDLE_IDENTIFIER = "info.bhardwaj.manu.Formula-Countdown";
				PRODUCT_NAME = "$(TARGET_NAME)";
			};
			name = Release;
		};
		32AAE9C81BB7327A00E2E887 /* Debug */ = {
			isa = XCBuildConfiguration;
			buildSettings = {
				BUNDLE_LOADER = "$(TEST_HOST)";
				INFOPLIST_FILE = "Formula CountdownTests/Info.plist";
				LD_RUNPATH_SEARCH_PATHS = "$(inherited) @executable_path/Frameworks @loader_path/Frameworks";
				PRODUCT_BUNDLE_IDENTIFIER = "info.bhardwaj.manu.Formula-CountdownTests";
				PRODUCT_NAME = "$(TARGET_NAME)";
				TEST_HOST = "$(BUILT_PRODUCTS_DIR)/Formula Countdown.app/Formula Countdown";
			};
			name = Debug;
		};
		32AAE9C91BB7327A00E2E887 /* Release */ = {
			isa = XCBuildConfiguration;
			buildSettings = {
				BUNDLE_LOADER = "$(TEST_HOST)";
				INFOPLIST_FILE = "Formula CountdownTests/Info.plist";
				LD_RUNPATH_SEARCH_PATHS = "$(inherited) @executable_path/Frameworks @loader_path/Frameworks";
				PRODUCT_BUNDLE_IDENTIFIER = "info.bhardwaj.manu.Formula-CountdownTests";
				PRODUCT_NAME = "$(TARGET_NAME)";
				TEST_HOST = "$(BUILT_PRODUCTS_DIR)/Formula Countdown.app/Formula Countdown";
			};
			name = Release;
		};
		32AAE9CB1BB7327A00E2E887 /* Debug */ = {
			isa = XCBuildConfiguration;
			buildSettings = {
				INFOPLIST_FILE = "Formula CountdownUITests/Info.plist";
				LD_RUNPATH_SEARCH_PATHS = "$(inherited) @executable_path/Frameworks @loader_path/Frameworks";
				PRODUCT_BUNDLE_IDENTIFIER = "info.bhardwaj.manu.Formula-CountdownUITests";
				PRODUCT_NAME = "$(TARGET_NAME)";
				TEST_TARGET_NAME = "Formula Countdown";
				USES_XCTRUNNER = YES;
			};
			name = Debug;
		};
		32AAE9CC1BB7327A00E2E887 /* Release */ = {
			isa = XCBuildConfiguration;
			buildSettings = {
				INFOPLIST_FILE = "Formula CountdownUITests/Info.plist";
				LD_RUNPATH_SEARCH_PATHS = "$(inherited) @executable_path/Frameworks @loader_path/Frameworks";
				PRODUCT_BUNDLE_IDENTIFIER = "info.bhardwaj.manu.Formula-CountdownUITests";
				PRODUCT_NAME = "$(TARGET_NAME)";
				TEST_TARGET_NAME = "Formula Countdown";
				USES_XCTRUNNER = YES;
			};
			name = Release;
		};
		32FD57331D093A1B003BF9C7 /* Debug */ = {
			isa = XCBuildConfiguration;
			buildSettings = {
				CLANG_ANALYZER_NONNULL = YES;
				INFOPLIST_FILE = "Formula Countdown Today/Info.plist";
				IPHONEOS_DEPLOYMENT_TARGET = 9.3;
				LD_RUNPATH_SEARCH_PATHS = "$(inherited) @executable_path/Frameworks @executable_path/../../Frameworks";
				PRODUCT_BUNDLE_IDENTIFIER = "info.bhardwaj.manu.Formula-Countdown.Formula-Countdown-Today";
				PRODUCT_NAME = "$(TARGET_NAME)";
				SKIP_INSTALL = YES;
			};
			name = Debug;
		};
		32FD57341D093A1B003BF9C7 /* Release */ = {
			isa = XCBuildConfiguration;
			buildSettings = {
				CLANG_ANALYZER_NONNULL = YES;
				INFOPLIST_FILE = "Formula Countdown Today/Info.plist";
				IPHONEOS_DEPLOYMENT_TARGET = 9.3;
				LD_RUNPATH_SEARCH_PATHS = "$(inherited) @executable_path/Frameworks @executable_path/../../Frameworks";
				PRODUCT_BUNDLE_IDENTIFIER = "info.bhardwaj.manu.Formula-Countdown.Formula-Countdown-Today";
				PRODUCT_NAME = "$(TARGET_NAME)";
				SKIP_INSTALL = YES;
			};
			name = Release;
		};
/* End XCBuildConfiguration section */

/* Begin XCConfigurationList section */
		32AAE9971BB7327900E2E887 /* Build configuration list for PBXProject "Formula Countdown" */ = {
			isa = XCConfigurationList;
			buildConfigurations = (
				32AAE9C21BB7327A00E2E887 /* Debug */,
				32AAE9C31BB7327A00E2E887 /* Release */,
			);
			defaultConfigurationIsVisible = 0;
			defaultConfigurationName = Release;
		};
		32AAE9C41BB7327A00E2E887 /* Build configuration list for PBXNativeTarget "Formula Countdown" */ = {
			isa = XCConfigurationList;
			buildConfigurations = (
				32AAE9C51BB7327A00E2E887 /* Debug */,
				32AAE9C61BB7327A00E2E887 /* Release */,
			);
			defaultConfigurationIsVisible = 0;
			defaultConfigurationName = Release;
		};
		32AAE9C71BB7327A00E2E887 /* Build configuration list for PBXNativeTarget "Formula CountdownTests" */ = {
			isa = XCConfigurationList;
			buildConfigurations = (
				32AAE9C81BB7327A00E2E887 /* Debug */,
				32AAE9C91BB7327A00E2E887 /* Release */,
			);
			defaultConfigurationIsVisible = 0;
			defaultConfigurationName = Release;
		};
		32AAE9CA1BB7327A00E2E887 /* Build configuration list for PBXNativeTarget "Formula CountdownUITests" */ = {
			isa = XCConfigurationList;
			buildConfigurations = (
				32AAE9CB1BB7327A00E2E887 /* Debug */,
				32AAE9CC1BB7327A00E2E887 /* Release */,
			);
			defaultConfigurationIsVisible = 0;
			defaultConfigurationName = Release;
		};
		32FD57321D093A1B003BF9C7 /* Build configuration list for PBXNativeTarget "Formula Countdown Today" */ = {
			isa = XCConfigurationList;
			buildConfigurations = (
				32FD57331D093A1B003BF9C7 /* Debug */,
				32FD57341D093A1B003BF9C7 /* Release */,
			);
			defaultConfigurationIsVisible = 0;
			defaultConfigurationName = Release;
		};
/* End XCConfigurationList section */
	};
	rootObject = 32AAE9941BB7327900E2E887 /* Project object */;
}
